
Microsoft Visual Studio Solution File, Format Version 12.00
# Visual Studio Version 16
VisualStudioVersion = 16.0.30804.86
MinimumVisualStudioVersion = 10.0.40219.1
Project("{FAE04EC0-301F-11D3-BF4B-00C04F79EFBC}") = "MVVMSample", "MVVMSample\WpfApplication1\MVVMSample.csproj", "{42F194BD-3985-4C1D-AADE-B44C8373FA6B}"
EndProject
Project("{FAE04EC0-301F-11D3-BF4B-00C04F79EFBC}") = "WPFCommandsDemo", "WPFCommandsDemo\WPFCommandsDemo\WPFCommandsDemo.csproj", "{DE3FECB5-4ECB-4ACC-A91A-E66BA2F802B8}"
EndProject
Project("{FAE04EC0-301F-11D3-BF4B-00C04F79EFBC}") = "WPFCommandsDemo2", "WPFCommandsDemo2\WPFCommandsDemo2.csproj", "{C17C8692-14BB-40A5-8843-8641B19A2883}"
EndProject
Project("{FAE04EC0-301F-11D3-BF4B-00C04F79EFBC}") = "WPFCommandsDemo3", "WPFCommandsDemo3\WPFCommandsDemo3.csproj", "{61B20A1B-4302-4375-8F01-010AA160DC0A}"
EndProject
Global
	GlobalSection(SolutionConfigurationPlatforms) = preSolution
		Debug|Any CPU = Debug|Any CPU
		Release|Any CPU = Release|Any CPU
	EndGlobalSection
	GlobalSection(ProjectConfigurationPlatforms) = postSolution
		{42F194BD-3985-4C1D-AADE-B44C8373FA6B}.Debug|Any CPU.ActiveCfg = Debug|Any CPU
		{42F194BD-3985-4C1D-AADE-B44C8373FA6B}.Debug|Any CPU.Build.0 = Debug|Any CPU
		{42F194BD-3985-4C1D-AADE-B44C8373FA6B}.Release|Any CPU.ActiveCfg = Release|Any CPU
		{42F194BD-3985-4C1D-AADE-B44C8373FA6B}.Release|Any CPU.Build.0 = Release|Any CPU
		{DE3FECB5-4ECB-4ACC-A91A-E66BA2F802B8}.Debug|Any CPU.ActiveCfg = Debug|Any CPU
		{DE3FECB5-4ECB-4ACC-A91A-E66BA2F802B8}.Debug|Any CPU.Build.0 = Debug|Any CPU
		{DE3FECB5-4ECB-4ACC-A91A-E66BA2F802B8}.Release|Any CPU.ActiveCfg = Release|Any CPU
		{DE3FECB5-4ECB-4ACC-A91A-E66BA2F802B8}.Release|Any CPU.Build.0 = Release|Any CPU
		{C17C8692-14BB-40A5-8843-8641B19A2883}.Debug|Any CPU.ActiveCfg = Debug|Any CPU
		{C17C8692-14BB-40A5-8843-8641B19A2883}.Debug|Any CPU.Build.0 = Debug|Any CPU
		{C17C8692-14BB-40A5-8843-8641B19A2883}.Release|Any CPU.ActiveCfg = Release|Any CPU
		{C17C8692-14BB-40A5-8843-8641B19A2883}.Release|Any CPU.Build.0 = Release|Any CPU
		{61B20A1B-4302-4375-8F01-010AA160DC0A}.Debug|Any CPU.ActiveCfg = Debug|Any CPU
		{61B20A1B-4302-4375-8F01-010AA160DC0A}.Debug|Any CPU.Build.0 = Debug|Any CPU
		{61B20A1B-4302-4375-8F01-010AA160DC0A}.Release|Any CPU.ActiveCfg = Release|Any CPU
		{61B20A1B-4302-4375-8F01-010AA160DC0A}.Release|Any CPU.Build.0 = Release|Any CPU
	EndGlobalSection
	GlobalSection(SolutionProperties) = preSolution
		HideSolutionNode = FALSE
	EndGlobalSection
	GlobalSection(ExtensibilityGlobals) = postSolution
		SolutionGuid = {C2C0FE0A-294B-4FEB-8B14-1457D8828125}
	EndGlobalSection
EndGlobal
