
Microsoft Visual Studio Solution File, Format Version 12.00
# Visual Studio Version 16
VisualStudioVersion = 16.0.31313.79
MinimumVisualStudioVersion = 10.0.40219.1
Project("{FAE04EC0-301F-11D3-BF4B-00C04F79EFBC}") = "API_SERVER_SAMPLE", "API_SERVER_SAMPLE\API_SERVER_SAMPLE.csproj", "{922ACF25-EB7C-46DD-8B99-5AD14893028D}"
EndProject
Global
	GlobalSection(SolutionConfigurationPlatforms) = preSolution
		Debug|Any CPU = Debug|Any CPU
		Release|Any CPU = Release|Any CPU
	EndGlobalSection
	GlobalSection(ProjectConfigurationPlatforms) = postSolution
		{922ACF25-EB7C-46DD-8B99-5AD14893028D}.Debug|Any CPU.ActiveCfg = Debug|Any CPU
		{922ACF25-EB7C-46DD-8B99-5AD14893028D}.Debug|Any CPU.Build.0 = Debug|Any CPU
		{922ACF25-EB7C-46DD-8B99-5AD14893028D}.Release|Any CPU.ActiveCfg = Release|Any CPU
		{922ACF25-EB7C-46DD-8B99-5AD14893028D}.Release|Any CPU.Build.0 = Release|Any CPU
	EndGlobalSection
	GlobalSection(SolutionProperties) = preSolution
		HideSolutionNode = FALSE
	EndGlobalSection
	GlobalSection(ExtensibilityGlobals) = postSolution
		SolutionGuid = {810E5EA8-525F-4FCD-A67C-6C677D95E1EC}
	EndGlobalSection
EndGlobal
